
Microsoft Visual Studio Solution File, Format Version 12.00
Project("{F2A71F9B-5D33-465A-A702-920D77279786}") = "Farsh", "Farsh\Farsh.fsproj", "{68817B81-5514-473F-9AB7-409668271796}"
EndProject
Project("{FAE04EC0-301F-11D3-BF4B-00C04F79EFBC}") = "Sharp", "Sharp\Sharp.csproj", "{2C9FDD3A-9FEB-4633-A1F7-B8EDD10B0CFD}"
EndProject
Global
	GlobalSection(SolutionConfigurationPlatforms) = preSolution
		Debug|Any CPU = Debug|Any CPU
		Release|Any CPU = Release|Any CPU
	EndGlobalSection
	GlobalSection(ProjectConfigurationPlatforms) = postSolution
		{68817B81-5514-473F-9AB7-409668271796}.Debug|Any CPU.ActiveCfg = Debug|Any CPU
		{68817B81-5514-473F-9AB7-409668271796}.Debug|Any CPU.Build.0 = Debug|Any CPU
		{68817B81-5514-473F-9AB7-409668271796}.Release|Any CPU.ActiveCfg = Release|Any CPU
		{68817B81-5514-473F-9AB7-409668271796}.Release|Any CPU.Build.0 = Release|Any CPU
		{2C9FDD3A-9FEB-4633-A1F7-B8EDD10B0CFD}.Debug|Any CPU.ActiveCfg = Debug|Any CPU
		{2C9FDD3A-9FEB-4633-A1F7-B8EDD10B0CFD}.Debug|Any CPU.Build.0 = Debug|Any CPU
		{2C9FDD3A-9FEB-4633-A1F7-B8EDD10B0CFD}.Release|Any CPU.ActiveCfg = Release|Any CPU
		{2C9FDD3A-9FEB-4633-A1F7-B8EDD10B0CFD}.Release|Any CPU.Build.0 = Release|Any CPU
	EndGlobalSection
EndGlobal
