
Microsoft Visual Studio Solution File, Format Version 12.00
Project("{FAE04EC0-301F-11D3-BF4B-00C04F79EFBC}") = "Parser", "Parser\Parser.csproj", "{17338ED3-65FB-4719-A40A-B800C5335283}"
EndProject
Project("{FAE04EC0-301F-11D3-BF4B-00C04F79EFBC}") = "Client", "..\Client\Client\Client.csproj", "{C5499AC2-508D-4D72-9264-54C445F75D2F}"
EndProject
Global
	GlobalSection(SolutionConfigurationPlatforms) = preSolution
		Debug|Any CPU = Debug|Any CPU
		Release|Any CPU = Release|Any CPU
	EndGlobalSection
	GlobalSection(ProjectConfigurationPlatforms) = postSolution
		{17338ED3-65FB-4719-A40A-B800C5335283}.Debug|Any CPU.ActiveCfg = Debug|Any CPU
		{17338ED3-65FB-4719-A40A-B800C5335283}.Debug|Any CPU.Build.0 = Debug|Any CPU
		{17338ED3-65FB-4719-A40A-B800C5335283}.Release|Any CPU.ActiveCfg = Release|Any CPU
		{17338ED3-65FB-4719-A40A-B800C5335283}.Release|Any CPU.Build.0 = Release|Any CPU
		{C5499AC2-508D-4D72-9264-54C445F75D2F}.Debug|Any CPU.ActiveCfg = Debug|Any CPU
		{C5499AC2-508D-4D72-9264-54C445F75D2F}.Debug|Any CPU.Build.0 = Debug|Any CPU
		{C5499AC2-508D-4D72-9264-54C445F75D2F}.Release|Any CPU.ActiveCfg = Release|Any CPU
		{C5499AC2-508D-4D72-9264-54C445F75D2F}.Release|Any CPU.Build.0 = Release|Any CPU
	EndGlobalSection
EndGlobal
